{
  "name": "genesis-compliance-api",
  "version": "1.0.0",
  "lockfileVersion": 3,
  "requires": true,
  "packages": {
    "": {
      "name": "genesis-compliance-api",
      "version": "1.0.0",
      "license": "ISC",
      "dependencies": {
        "hono": "^4.13.7"
      },
      "engines": {
        "node": ">=18.0.0"
      }
    },
    "../../packages/rule-engine": {
      "version": "1.0.0",
      "extraneous": true,
      "license": "ISC",
      "devDependencies": {
        "@types/jest": "^30.0.0",
        "jest": "^30.5.1",
        "ts-jest": "^29.4.12",
        "typescript": "^5.4.5"
      }
    },
    "node_modules/hono": {
      "version": "4.13.7",
      "resolved": "https://registry.npmjs.org/hono/-/hono-4.13.7.tgz",
      "integrity": "sha512-c8/gF9ac8Y78/agExVocyLevgR+JlpNB444Py0FSX8pJoPdYUfUzRcXtYEYGwt6l19qIlVZPN5Mfsw9jFShmQQ==",
      "license": "MIT",
      "engines": {
        "node": ">=16.9.0"
      }
    }
  }
}
